dependencies:
- name: elasticsearch
  repository: file://../elasticsearch
  version: 7.17.3
- name: filebeat
  repository: file://../filebeat
  version: 8.0.0-SNAPSHOT
- name: kibana
  repository: file://../kibana
  version: 7.17.3
digest: sha256:c5b5c1325c45be7bfd9f85f8e08a2f55dc844b887646328af4e989d938df4198
generated: "2022-08-04T17:03:58.7063914+05:30"
